
Microsoft Visual Studio Solution File, Format Version 12.00
# Visual Studio Version 16
VisualStudioVersion = 25.0.1703.0
MinimumVisualStudioVersion = 10.0.40219.1
Project("{FAE04EC0-301F-11D3-BF4B-00C04F79EFBC}") = "A2", "A2.csproj", "{E9E6B278-A125-432A-868C-98D22BACD003}"
EndProject
Global
	GlobalSection(SolutionConfigurationPlatforms) = preSolution
		Debug|Any CPU = Debug|Any CPU
		Release|Any CPU = Release|Any CPU
	EndGlobalSection
	GlobalSection(ProjectConfigurationPlatforms) = postSolution
		{E9E6B278-A125-432A-868C-98D22BACD003}.Debug|Any CPU.ActiveCfg = Debug|Any CPU
		{E9E6B278-A125-432A-868C-98D22BACD003}.Debug|Any CPU.Build.0 = Debug|Any CPU
		{E9E6B278-A125-432A-868C-98D22BACD003}.Release|Any CPU.ActiveCfg = Release|Any CPU
		{E9E6B278-A125-432A-868C-98D22BACD003}.Release|Any CPU.Build.0 = Release|Any CPU
	EndGlobalSection
	GlobalSection(SolutionProperties) = preSolution
		HideSolutionNode = FALSE
	EndGlobalSection
	GlobalSection(ExtensibilityGlobals) = postSolution
		SolutionGuid = {831FE131-4984-465E-AAF2-16EDA4D5BB30}
	EndGlobalSection
EndGlobal
